// !$*UTF8*$!
{
	archiveVersion = 1;
	classes = {
	};
	objectVersion = 51;
	objects = {

/* Begin PBXBuildFile section */
		8B41149D7A9801F6B95EAE9D /* Pods_RxMemo.framework in Frameworks */ = {isa = PBXBuildFile; fileRef = A901F1CE0816C348BA030350 /* Pods_RxMemo.framework */; };
		9864243E264CFEBC007C1669 /* AppDelegate.swift in Sources */ = {isa = PBXBuildFile; fileRef = 9864243D264CFEBC007C1669 /* AppDelegate.swift */; };
		98642440264CFEBC007C1669 /* SceneDelegate.swift in Sources */ = {isa = PBXBuildFile; fileRef = 9864243F264CFEBC007C1669 /* SceneDelegate.swift */; };
		98642445264CFEBC007C1669 /* Main.storyboard in Resources */ = {isa = PBXBuildFile; fileRef = 98642443264CFEBC007C1669 /* Main.storyboard */; };
		98642448264CFEBC007C1669 /* RxMemo.xcdatamodeld in Sources */ = {isa = PBXBuildFile; fileRef = 98642446264CFEBC007C1669 /* RxMemo.xcdatamodeld */; };
		9864244A264CFEBD007C1669 /* Assets.xcassets in Resources */ = {isa = PBXBuildFile; fileRef = 98642449264CFEBD007C1669 /* Assets.xcassets */; };
		9864244D264CFEBD007C1669 /* LaunchScreen.storyboard in Resources */ = {isa = PBXBuildFile; fileRef = 9864244B264CFEBD007C1669 /* LaunchScreen.storyboard */; };
		9864245A264D084F007C1669 /* Memo.swift in Sources */ = {isa = PBXBuildFile; fileRef = 98642459264D084F007C1669 /* Memo.swift */; };
		9864245C264D098D007C1669 /* MemoStorageType.swift in Sources */ = {isa = PBXBuildFile; fileRef = 9864245B264D098D007C1669 /* MemoStorageType.swift */; };
		98642460264D0A44007C1669 /* MemoryStorage.swift in Sources */ = {isa = PBXBuildFile; fileRef = 9864245F264D0A44007C1669 /* MemoryStorage.swift */; };
		98642462264D0F2E007C1669 /* MemoListViewController.swift in Sources */ = {isa = PBXBuildFile; fileRef = 98642461264D0F2E007C1669 /* MemoListViewController.swift */; };
		98642464264D0F52007C1669 /* MemoDetailViewController.swift in Sources */ = {isa = PBXBuildFile; fileRef = 98642463264D0F52007C1669 /* MemoDetailViewController.swift */; };
		98642466264D0F7A007C1669 /* MemoComposeViewController.swift in Sources */ = {isa = PBXBuildFile; fileRef = 98642465264D0F7A007C1669 /* MemoComposeViewController.swift */; };
		98642468264D0FB3007C1669 /* MemoListViewModel.swift in Sources */ = {isa = PBXBuildFile; fileRef = 98642467264D0FB3007C1669 /* MemoListViewModel.swift */; };
		9864246A264D0FDE007C1669 /* MemoDetailViewModel.swift in Sources */ = {isa = PBXBuildFile; fileRef = 98642469264D0FDE007C1669 /* MemoDetailViewModel.swift */; };
		9864246C264D0FF1007C1669 /* MemoComposeViewModel.swift in Sources */ = {isa = PBXBuildFile; fileRef = 9864246B264D0FF1007C1669 /* MemoComposeViewModel.swift */; };
		9864246E264D1040007C1669 /* ViewModelBindableType.swift in Sources */ = {isa = PBXBuildFile; fileRef = 9864246D264D1040007C1669 /* ViewModelBindableType.swift */; };
/* End PBXBuildFile section */

/* Begin PBXFileReference section */
		491A49462E06EBCFF79AF5F2 /* Pods-RxMemo.release.xcconfig */ = {isa = PBXFileReference; includeInIndex = 1; lastKnownFileType = text.xcconfig; name = "Pods-RxMemo.release.xcconfig"; path = "Target Support Files/Pods-RxMemo/Pods-RxMemo.release.xcconfig"; sourceTree = "<group>"; };
		9864243A264CFEBC007C1669 /* RxMemo.app */ = {isa = PBXFileReference; explicitFileType = wrapper.application; includeInIndex = 0; path = RxMemo.app; sourceTree = BUILT_PRODUCTS_DIR; };
		9864243D264CFEBC007C1669 /* AppDelegate.swift */ = {isa = PBXFileReference; lastKnownFileType = sourcecode.swift; path = AppDelegate.swift; sourceTree = "<group>"; };
		9864243F264CFEBC007C1669 /* SceneDelegate.swift */ = {isa = PBXFileReference; lastKnownFileType = sourcecode.swift; path = SceneDelegate.swift; sourceTree = "<group>"; };
		98642444264CFEBC007C1669 /* Base */ = {isa = PBXFileReference; lastKnownFileType = file.storyboard; name = Base; path = Base.lproj/Main.storyboard; sourceTree = "<group>"; };
		98642447264CFEBC007C1669 /* RxMemo.xcdatamodel */ = {isa = PBXFileReference; lastKnownFileType = wrapper.xcdatamodel; path = RxMemo.xcdatamodel; sourceTree = "<group>"; };
		98642449264CFEBD007C1669 /* Assets.xcassets */ = {isa = PBXFileReference; lastKnownFileType = folder.assetcatalog; path = Assets.xcassets; sourceTree = "<group>"; };
		9864244C264CFEBD007C1669 /* Base */ = {isa = PBXFileReference; lastKnownFileType = file.storyboard; name = Base; path = Base.lproj/LaunchScreen.storyboard; sourceTree = "<group>"; };
		9864244E264CFEBD007C1669 /* Info.plist */ = {isa = PBXFileReference; lastKnownFileType = text.plist.xml; path = Info.plist; sourceTree = "<group>"; };
		98642459264D084F007C1669 /* Memo.swift */ = {isa = PBXFileReference; lastKnownFileType = sourcecode.swift; path = Memo.swift; sourceTree = "<group>"; };
		9864245B264D098D007C1669 /* MemoStorageType.swift */ = {isa = PBXFileReference; lastKnownFileType = sourcecode.swift; path = MemoStorageType.swift; sourceTree = "<group>"; };
		9864245F264D0A44007C1669 /* MemoryStorage.swift */ = {isa = PBXFileReference; lastKnownFileType = sourcecode.swift; path = MemoryStorage.swift; sourceTree = "<group>"; };
		98642461264D0F2E007C1669 /* MemoListViewController.swift */ = {isa = PBXFileReference; lastKnownFileType = sourcecode.swift; path = MemoListViewController.swift; sourceTree = "<group>"; };
		98642463264D0F52007C1669 /* MemoDetailViewController.swift */ = {isa = PBXFileReference; lastKnownFileType = sourcecode.swift; path = MemoDetailViewController.swift; sourceTree = "<group>"; };
		98642465264D0F7A007C1669 /* MemoComposeViewController.swift */ = {isa = PBXFileReference; lastKnownFileType = sourcecode.swift; path = MemoComposeViewController.swift; sourceTree = "<group>"; };
		98642467264D0FB3007C1669 /* MemoListViewModel.swift */ = {isa = PBXFileReference; lastKnownFileType = sourcecode.swift; path = MemoListViewModel.swift; sourceTree = "<group>"; };
		98642469264D0FDE007C1669 /* MemoDetailViewModel.swift */ = {isa = PBXFileReference; lastKnownFileType = sourcecode.swift; path = MemoDetailViewModel.swift; sourceTree = "<group>"; };
		9864246B264D0FF1007C1669 /* MemoComposeViewModel.swift */ = {isa = PBXFileReference; lastKnownFileType = sourcecode.swift; path = MemoComposeViewModel.swift; sourceTree = "<group>"; };
		9864246D264D1040007C1669 /* ViewModelBindableType.swift */ = {isa = PBXFileReference; lastKnownFileType = sourcecode.swift; path = ViewModelBindableType.swift; sourceTree = "<group>"; };
		A901F1CE0816C348BA030350 /* Pods_RxMemo.framework */ = {isa = PBXFileReference; explicitFileType = wrapper.framework; includeInIndex = 0; path = Pods_RxMemo.framework; sourceTree = BUILT_PRODUCTS_DIR; };
		C5F24FDC6044AD81AB222A5A /* Pods-RxMemo.debug.xcconfig */ = {isa = PBXFileReference; includeInIndex = 1; lastKnownFileType = text.xcconfig; name = "Pods-RxMemo.debug.xcconfig"; path = "Target Support Files/Pods-RxMemo/Pods-RxMemo.debug.xcconfig"; sourceTree = "<group>"; };
/* End PBXFileReference section */

/* Begin PBXFrameworksBuildPhase section */
		98642437264CFEBC007C1669 /* Frameworks */ = {
			isa = PBXFrameworksBuildPhase;
			buildActionMask = 2147483647;
			files = (
				8B41149D7A9801F6B95EAE9D /* Pods_RxMemo.framework in Frameworks */,
			);
			runOnlyForDeploymentPostprocessing = 0;
		};
/* End PBXFrameworksBuildPhase section */

/* Begin PBXGroup section */
		4C3C96D1DC5CBB8CCEFC4539 /* Frameworks */ = {
			isa = PBXGroup;
			children = (
				A901F1CE0816C348BA030350 /* Pods_RxMemo.framework */,
			);
			name = Frameworks;
			sourceTree = "<group>";
		};
		88F1CF29DE4B1FE5F0ABCC79 /* Pods */ = {
			isa = PBXGroup;
			children = (
				C5F24FDC6044AD81AB222A5A /* Pods-RxMemo.debug.xcconfig */,
				491A49462E06EBCFF79AF5F2 /* Pods-RxMemo.release.xcconfig */,
			);
			path = Pods;
			sourceTree = "<group>";
		};
		98642431264CFEBC007C1669 = {
			isa = PBXGroup;
			children = (
				9864243C264CFEBC007C1669 /* RxMemo */,
				9864243B264CFEBC007C1669 /* Products */,
				88F1CF29DE4B1FE5F0ABCC79 /* Pods */,
				4C3C96D1DC5CBB8CCEFC4539 /* Frameworks */,
			);
			sourceTree = "<group>";
		};
		9864243B264CFEBC007C1669 /* Products */ = {
			isa = PBXGroup;
			children = (
				9864243A264CFEBC007C1669 /* RxMemo.app */,
			);
			name = Products;
			sourceTree = "<group>";
		};
		9864243C264CFEBC007C1669 /* RxMemo */ = {
			isa = PBXGroup;
			children = (
				98642458264D029C007C1669 /* Scene */,
				98642457264D028F007C1669 /* Service */,
				98642456264D0273007C1669 /* ViewModel */,
				98642455264D025D007C1669 /* ViewController */,
				98642454264D0251007C1669 /* Model */,
				9864243D264CFEBC007C1669 /* AppDelegate.swift */,
				9864243F264CFEBC007C1669 /* SceneDelegate.swift */,
				98642449264CFEBD007C1669 /* Assets.xcassets */,
				9864244E264CFEBD007C1669 /* Info.plist */,
			);
			path = RxMemo;
			sourceTree = "<group>";
		};
		98642454264D0251007C1669 /* Model */ = {
			isa = PBXGroup;
			children = (
				98642459264D084F007C1669 /* Memo.swift */,
			);
			path = Model;
			sourceTree = "<group>";
		};
		98642455264D025D007C1669 /* ViewController */ = {
			isa = PBXGroup;
			children = (
				98642443264CFEBC007C1669 /* Main.storyboard */,
				9864244B264CFEBD007C1669 /* LaunchScreen.storyboard */,
				98642461264D0F2E007C1669 /* MemoListViewController.swift */,
				98642463264D0F52007C1669 /* MemoDetailViewController.swift */,
				98642465264D0F7A007C1669 /* MemoComposeViewController.swift */,
				9864246D264D1040007C1669 /* ViewModelBindableType.swift */,
			);
			path = ViewController;
			sourceTree = "<group>";
		};
		98642456264D0273007C1669 /* ViewModel */ = {
			isa = PBXGroup;
			children = (
				98642467264D0FB3007C1669 /* MemoListViewModel.swift */,
				98642469264D0FDE007C1669 /* MemoDetailViewModel.swift */,
				9864246B264D0FF1007C1669 /* MemoComposeViewModel.swift */,
			);
			path = ViewModel;
			sourceTree = "<group>";
		};
		98642457264D028F007C1669 /* Service */ = {
			isa = PBXGroup;
			children = (
				9864245E264D0A1C007C1669 /* CoreDataStorage */,
				9864245D264D0A0D007C1669 /* MemoStorage */,
				9864245B264D098D007C1669 /* MemoStorageType.swift */,
			);
			path = Service;
			sourceTree = "<group>";
		};
		98642458264D029C007C1669 /* Scene */ = {
			isa = PBXGroup;
			children = (
			);
			path = Scene;
			sourceTree = "<group>";
		};
		9864245D264D0A0D007C1669 /* MemoStorage */ = {
			isa = PBXGroup;
			children = (
				9864245F264D0A44007C1669 /* MemoryStorage.swift */,
			);
			path = MemoStorage;
			sourceTree = "<group>";
		};
		9864245E264D0A1C007C1669 /* CoreDataStorage */ = {
			isa = PBXGroup;
			children = (
				98642446264CFEBC007C1669 /* RxMemo.xcdatamodeld */,
			);
			path = CoreDataStorage;
			sourceTree = "<group>";
		};
/* End PBXGroup section */

/* Begin PBXNativeTarget section */
		98642439264CFEBC007C1669 /* RxMemo */ = {
			isa = PBXNativeTarget;
			buildConfigurationList = 98642451264CFEBD007C1669 /* Build configuration list for PBXNativeTarget "RxMemo" */;
			buildPhases = (
				7278BFE9D444B847BF65095E /* [CP] Check Pods Manifest.lock */,
				98642436264CFEBC007C1669 /* Sources */,
				98642437264CFEBC007C1669 /* Frameworks */,
				98642438264CFEBC007C1669 /* Resources */,
				F39CA9E4C79BAC6C6F2ABE16 /* [CP] Embed Pods Frameworks */,
			);
			buildRules = (
			);
			dependencies = (
			);
			name = RxMemo;
			productName = RxMemo;
			productReference = 9864243A264CFEBC007C1669 /* RxMemo.app */;
			productType = "com.apple.product-type.application";
		};
/* End PBXNativeTarget section */

/* Begin PBXProject section */
		98642432264CFEBC007C1669 /* Project object */ = {
			isa = PBXProject;
			attributes = {
				LastSwiftUpdateCheck = 1250;
				LastUpgradeCheck = 1250;
				TargetAttributes = {
					98642439264CFEBC007C1669 = {
						CreatedOnToolsVersion = 12.5;
					};
				};
			};
			buildConfigurationList = 98642435264CFEBC007C1669 /* Build configuration list for PBXProject "RxMemo" */;
			compatibilityVersion = "Xcode 9.3";
			developmentRegion = en;
			hasScannedForEncodings = 0;
			knownRegions = (
				en,
				Base,
			);
			mainGroup = 98642431264CFEBC007C1669;
			productRefGroup = 9864243B264CFEBC007C1669 /* Products */;
			projectDirPath = "";
			projectRoot = "";
			targets = (
				98642439264CFEBC007C1669 /* RxMemo */,
			);
		};
/* End PBXProject section */

/* Begin PBXResourcesBuildPhase section */
		98642438264CFEBC007C1669 /* Resources */ = {
			isa = PBXResourcesBuildPhase;
			buildActionMask = 2147483647;
			files = (
				9864244D264CFEBD007C1669 /* LaunchScreen.storyboard in Resources */,
				9864244A264CFEBD007C1669 /* Assets.xcassets in Resources */,
				98642445264CFEBC007C1669 /* Main.storyboard in Resources */,
			);
			runOnlyForDeploymentPostprocessing = 0;
		};
/* End PBXResourcesBuildPhase section */

/* Begin PBXShellScriptBuildPhase section */
		7278BFE9D444B847BF65095E /* [CP] Check Pods Manifest.lock */ = {
			isa = PBXShellScriptBuildPhase;
			buildActionMask = 2147483647;
			files = (
			);
			inputFileListPaths = (
			);
			inputPaths = (
				"${PODS_PODFILE_DIR_PATH}/Podfile.lock",
				"${PODS_ROOT}/Manifest.lock",
			);
			name = "[CP] Check Pods Manifest.lock";
			outputFileListPaths = (
			);
			outputPaths = (
				"$(DERIVED_FILE_DIR)/Pods-RxMemo-checkManifestLockResult.txt",
			);
			runOnlyForDeploymentPostprocessing = 0;
			shellPath = /bin/sh;
			shellScript = "diff \"${PODS_PODFILE_DIR_PATH}/Podfile.lock\" \"${PODS_ROOT}/Manifest.lock\" > /dev/null\nif [ $? != 0 ] ; then\n    # print error to STDERR\n    echo \"error: The sandbox is not in sync with the Podfile.lock. Run 'pod install' or update your CocoaPods installation.\" >&2\n    exit 1\nfi\n# This output is used by Xcode 'outputs' to avoid re-running this script phase.\necho \"SUCCESS\" > \"${SCRIPT_OUTPUT_FILE_0}\"\n";
			showEnvVarsInLog = 0;
		};
		F39CA9E4C79BAC6C6F2ABE16 /* [CP] Embed Pods Frameworks */ = {
			isa = PBXShellScriptBuildPhase;
			buildActionMask = 2147483647;
			files = (
			);
			inputFileListPaths = (
				"${PODS_ROOT}/Target Support Files/Pods-RxMemo/Pods-RxMemo-frameworks-${CONFIGURATION}-input-files.xcfilelist",
			);
			name = "[CP] Embed Pods Frameworks";
			outputFileListPaths = (
				"${PODS_ROOT}/Target Support Files/Pods-RxMemo/Pods-RxMemo-frameworks-${CONFIGURATION}-output-files.xcfilelist",
			);
			runOnlyForDeploymentPostprocessing = 0;
			shellPath = /bin/sh;
			shellScript = "\"${PODS_ROOT}/Target Support Files/Pods-RxMemo/Pods-RxMemo-frameworks.sh\"\n";
			showEnvVarsInLog = 0;
		};
/* End PBXShellScriptBuildPhase section */

/* Begin PBXSourcesBuildPhase section */
		98642436264CFEBC007C1669 /* Sources */ = {
			isa = PBXSourcesBuildPhase;
			buildActionMask = 2147483647;
			files = (
				98642460264D0A44007C1669 /* MemoryStorage.swift in Sources */,
				9864246C264D0FF1007C1669 /* MemoComposeViewModel.swift in Sources */,
				98642464264D0F52007C1669 /* MemoDetailViewController.swift in Sources */,
				9864246E264D1040007C1669 /* ViewModelBindableType.swift in Sources */,
				9864243E264CFEBC007C1669 /* AppDelegate.swift in Sources */,
				9864245C264D098D007C1669 /* MemoStorageType.swift in Sources */,
				98642440264CFEBC007C1669 /* SceneDelegate.swift in Sources */,
				98642448264CFEBC007C1669 /* RxMemo.xcdatamodeld in Sources */,
				98642468264D0FB3007C1669 /* MemoListViewModel.swift in Sources */,
				9864246A264D0FDE007C1669 /* MemoDetailViewModel.swift in Sources */,
				98642462264D0F2E007C1669 /* MemoListViewController.swift in Sources */,
				98642466264D0F7A007C1669 /* MemoComposeViewController.swift in Sources */,
				9864245A264D084F007C1669 /* Memo.swift in Sources */,
			);
			runOnlyForDeploymentPostprocessing = 0;
		};
/* End PBXSourcesBuildPhase section */

/* Begin PBXVariantGroup section */
		98642443264CFEBC007C1669 /* Main.storyboard */ = {
			isa = PBXVariantGroup;
			children = (
				98642444264CFEBC007C1669 /* Base */,
			);
			name = Main.storyboard;
			sourceTree = "<group>";
		};
		9864244B264CFEBD007C1669 /* LaunchScreen.storyboard */ = {
			isa = PBXVariantGroup;
			children = (
				9864244C264CFEBD007C1669 /* Base */,
			);
			name = LaunchScreen.storyboard;
			sourceTree = "<group>";
		};
/* End PBXVariantGroup section */

/* Begin XCBuildConfiguration section */
		9864244F264CFEBD007C1669 /* Debug */ = {
			isa = XCBuildConfiguration;
			buildSettings = {
				ALWAYS_SEARCH_USER_PATHS = NO;
				CLANG_ANALYZER_NONNULL = YES;
				CLANG_ANALYZER_NUMBER_OBJECT_CONVERSION = YES_AGGRESSIVE;
				CLANG_CXX_LANGUAGE_STANDARD = "gnu++14";
				CLANG_CXX_LIBRARY = "libc++";
				CLANG_ENABLE_MODULES = YES;
				CLANG_ENABLE_OBJC_ARC = YES;
				CLANG_ENABLE_OBJC_WEAK = YES;
				CLANG_WARN_BLOCK_CAPTURE_AUTORELEASING = YES;
				CLANG_WARN_BOOL_CONVERSION = YES;
				CLANG_WARN_COMMA = YES;
				CLANG_WARN_CONSTANT_CONVERSION = YES;
				CLANG_WARN_DEPRECATED_OBJC_IMPLEMENTATIONS = YES;
				CLANG_WARN_DIRECT_OBJC_ISA_USAGE = YES_ERROR;
				CLANG_WARN_DOCUMENTATION_COMMENTS = YES;
				CLANG_WARN_EMPTY_BODY = YES;
				CLANG_WARN_ENUM_CONVERSION = YES;
				CLANG_WARN_INFINITE_RECURSION = YES;
				CLANG_WARN_INT_CONVERSION = YES;
				CLANG_WARN_NON_LITERAL_NULL_CONVERSION = YES;
				CLANG_WARN_OBJC_IMPLICIT_RETAIN_SELF = YES;
				CLANG_WARN_OBJC_LITERAL_CONVERSION = YES;
				CLANG_WARN_OBJC_ROOT_CLASS = YES_ERROR;
				CLANG_WARN_QUOTED_INCLUDE_IN_FRAMEWORK_HEADER = YES;
				CLANG_WARN_RANGE_LOOP_ANALYSIS = YES;
				CLANG_WARN_STRICT_PROTOTYPES = YES;
				CLANG_WARN_SUSPICIOUS_MOVE = YES;
				CLANG_WARN_UNGUARDED_AVAILABILITY = YES_AGGRESSIVE;
				CLANG_WARN_UNREACHABLE_CODE = YES;
				CLANG_WARN__DUPLICATE_METHOD_MATCH = YES;
				COPY_PHASE_STRIP = NO;
				DEBUG_INFORMATION_FORMAT = dwarf;
				ENABLE_STRICT_OBJC_MSGSEND = YES;
				ENABLE_TESTABILITY = YES;
				GCC_C_LANGUAGE_STANDARD = gnu11;
				GCC_DYNAMIC_NO_PIC = NO;
				GCC_NO_COMMON_BLOCKS = YES;
				GCC_OPTIMIZATION_LEVEL = 0;
				GCC_PREPROCESSOR_DEFINITIONS = (
					"DEBUG=1",
					"$(inherited)",
				);
				GCC_WARN_64_TO_32_BIT_CONVERSION = YES;
				GCC_WARN_ABOUT_RETURN_TYPE = YES_ERROR;
				GCC_WARN_UNDECLARED_SELECTOR = YES;
				GCC_WARN_UNINITIALIZED_AUTOS = YES_AGGRESSIVE;
				GCC_WARN_UNUSED_FUNCTION = YES;
				GCC_WARN_UNUSED_VARIABLE = YES;
				IPHONEOS_DEPLOYMENT_TARGET = 10.0;
				MTL_ENABLE_DEBUG_INFO = INCLUDE_SOURCE;
				MTL_FAST_MATH = YES;
				ONLY_ACTIVE_ARCH = YES;
				SDKROOT = iphoneos;
				SWIFT_ACTIVE_COMPILATION_CONDITIONS = DEBUG;
				SWIFT_OPTIMIZATION_LEVEL = "-Onone";
			};
			name = Debug;
		};
		98642450264CFEBD007C1669 /* Release */ = {
			isa = XCBuildConfiguration;
			buildSettings = {
				ALWAYS_SEARCH_USER_PATHS = NO;
				CLANG_ANALYZER_NONNULL = YES;
				CLANG_ANALYZER_NUMBER_OBJECT_CONVERSION = YES_AGGRESSIVE;
				CLANG_CXX_LANGUAGE_STANDARD = "gnu++14";
				CLANG_CXX_LIBRARY = "libc++";
				CLANG_ENABLE_MODULES = YES;
				CLANG_ENABLE_OBJC_ARC = YES;
				CLANG_ENABLE_OBJC_WEAK = YES;
				CLANG_WARN_BLOCK_CAPTURE_AUTORELEASING = YES;
				CLANG_WARN_BOOL_CONVERSION = YES;
				CLANG_WARN_COMMA = YES;
				CLANG_WARN_CONSTANT_CONVERSION = YES;
				CLANG_WARN_DEPRECATED_OBJC_IMPLEMENTATIONS = YES;
				CLANG_WARN_DIRECT_OBJC_ISA_USAGE = YES_ERROR;
				CLANG_WARN_DOCUMENTATION_COMMENTS = YES;
				CLANG_WARN_EMPTY_BODY = YES;
				CLANG_WARN_ENUM_CONVERSION = YES;
				CLANG_WARN_INFINITE_RECURSION = YES;
				CLANG_WARN_INT_CONVERSION = YES;
				CLANG_WARN_NON_LITERAL_NULL_CONVERSION = YES;
				CLANG_WARN_OBJC_IMPLICIT_RETAIN_SELF = YES;
				CLANG_WARN_OBJC_LITERAL_CONVERSION = YES;
				CLANG_WARN_OBJC_ROOT_CLASS = YES_ERROR;
				CLANG_WARN_QUOTED_INCLUDE_IN_FRAMEWORK_HEADER = YES;
				CLANG_WARN_RANGE_LOOP_ANALYSIS = YES;
				CLANG_WARN_STRICT_PROTOTYPES = YES;
				CLANG_WARN_SUSPICIOUS_MOVE = YES;
				CLANG_WARN_UNGUARDED_AVAILABILITY = YES_AGGRESSIVE;
				CLANG_WARN_UNREACHABLE_CODE = YES;
				CLANG_WARN__DUPLICATE_METHOD_MATCH = YES;
				COPY_PHASE_STRIP = NO;
				DEBUG_INFORMATION_FORMAT = "dwarf-with-dsym";
				ENABLE_NS_ASSERTIONS = NO;
				ENABLE_STRICT_OBJC_MSGSEND = YES;
				GCC_C_LANGUAGE_STANDARD = gnu11;
				GCC_NO_COMMON_BLOCKS = YES;
				GCC_WARN_64_TO_32_BIT_CONVERSION = YES;
				GCC_WARN_ABOUT_RETURN_TYPE = YES_ERROR;
				GCC_WARN_UNDECLARED_SELECTOR = YES;
				GCC_WARN_UNINITIALIZED_AUTOS = YES_AGGRESSIVE;
				GCC_WARN_UNUSED_FUNCTION = YES;
				GCC_WARN_UNUSED_VARIABLE = YES;
				IPHONEOS_DEPLOYMENT_TARGET = 10.0;
				MTL_ENABLE_DEBUG_INFO = NO;
				MTL_FAST_MATH = YES;
				SDKROOT = iphoneos;
				SWIFT_COMPILATION_MODE = wholemodule;
				SWIFT_OPTIMIZATION_LEVEL = "-O";
				VALIDATE_PRODUCT = YES;
			};
			name = Release;
		};
		98642452264CFEBD007C1669 /* Debug */ = {
			isa = XCBuildConfiguration;
			baseConfigurationReference = C5F24FDC6044AD81AB222A5A /* Pods-RxMemo.debug.xcconfig */;
			buildSettings = {
				ASSETCATALOG_COMPILER_APPICON_NAME = AppIcon;
				ASSETCATALOG_COMPILER_GLOBAL_ACCENT_COLOR_NAME = AccentColor;
				CODE_SIGN_STYLE = Automatic;
				DEVELOPMENT_TEAM = FF4F6NQNDX;
				INFOPLIST_FILE = RxMemo/Info.plist;
				LD_RUNPATH_SEARCH_PATHS = (
					"$(inherited)",
					"@executable_path/Frameworks",
				);
				PRODUCT_BUNDLE_IDENTIFIER = com.ex.RxMemo;
				PRODUCT_NAME = "$(TARGET_NAME)";
				SWIFT_VERSION = 5.0;
				TARGETED_DEVICE_FAMILY = "1,2";
			};
			name = Debug;
		};
		98642453264CFEBD007C1669 /* Release */ = {
			isa = XCBuildConfiguration;
			baseConfigurationReference = 491A49462E06EBCFF79AF5F2 /* Pods-RxMemo.release.xcconfig */;
			buildSettings = {
				ASSETCATALOG_COMPILER_APPICON_NAME = AppIcon;
				ASSETCATALOG_COMPILER_GLOBAL_ACCENT_COLOR_NAME = AccentColor;
				CODE_SIGN_STYLE = Automatic;
				DEVELOPMENT_TEAM = FF4F6NQNDX;
				INFOPLIST_FILE = RxMemo/Info.plist;
				LD_RUNPATH_SEARCH_PATHS = (
					"$(inherited)",
					"@executable_path/Frameworks",
				);
				PRODUCT_BUNDLE_IDENTIFIER = com.ex.RxMemo;
				PRODUCT_NAME = "$(TARGET_NAME)";
				SWIFT_VERSION = 5.0;
				TARGETED_DEVICE_FAMILY = "1,2";
			};
			name = Release;
		};
/* End XCBuildConfiguration section */

/* Begin XCConfigurationList section */
		98642435264CFEBC007C1669 /* Build configuration list for PBXProject "RxMemo" */ = {
			isa = XCConfigurationList;
			buildConfigurations = (
				9864244F264CFEBD007C1669 /* Debug */,
				98642450264CFEBD007C1669 /* Release */,
			);
			defaultConfigurationIsVisible = 0;
			defaultConfigurationName = Release;
		};
		98642451264CFEBD007C1669 /* Build configuration list for PBXNativeTarget "RxMemo" */ = {
			isa = XCConfigurationList;
			buildConfigurations = (
				98642452264CFEBD007C1669 /* Debug */,
				98642453264CFEBD007C1669 /* Release */,
			);
			defaultConfigurationIsVisible = 0;
			defaultConfigurationName = Release;
		};
/* End XCConfigurationList section */

/* Begin XCVersionGroup section */
		98642446264CFEBC007C1669 /* RxMemo.xcdatamodeld */ = {
			isa = XCVersionGroup;
			children = (
				98642447264CFEBC007C1669 /* RxMemo.xcdatamodel */,
			);
			currentVersion = 98642447264CFEBC007C1669 /* RxMemo.xcdatamodel */;
			path = RxMemo.xcdatamodeld;
			sourceTree = "<group>";
			versionGroupType = wrapper.xcdatamodel;
		};
/* End XCVersionGroup section */
	};
	rootObject = 98642432264CFEBC007C1669 /* Project object */;
}
